
Microsoft Visual Studio Solution File, Format Version 12.00
# Visual Studio Version 17
VisualStudioVersion = 17.3.32929.385
MinimumVisualStudioVersion = 10.0.40219.1
Project("{FAE04EC0-301F-11D3-BF4B-00C04F79EFBC}") = "Calculadora", "Calculadora\Calculadora.csproj", "{B70F6132-F6C4-4957-8B4A-66656D3490F8}"
EndProject
Global
	GlobalSection(SolutionConfigurationPlatforms) = preSolution
		Debug|Any CPU = Debug|Any CPU
		Release|Any CPU = Release|Any CPU
	EndGlobalSection
	GlobalSection(ProjectConfigurationPlatforms) = postSolution
		{B70F6132-F6C4-4957-8B4A-66656D3490F8}.Debug|Any CPU.ActiveCfg = Debug|Any CPU
		{B70F6132-F6C4-4957-8B4A-66656D3490F8}.Debug|Any CPU.Build.0 = Debug|Any CPU
		{B70F6132-F6C4-4957-8B4A-66656D3490F8}.Release|Any CPU.ActiveCfg = Release|Any CPU
		{B70F6132-F6C4-4957-8B4A-66656D3490F8}.Release|Any CPU.Build.0 = Release|Any CPU
	EndGlobalSection
	GlobalSection(SolutionProperties) = preSolution
		HideSolutionNode = FALSE
	EndGlobalSection
	GlobalSection(ExtensibilityGlobals) = postSolution
		SolutionGuid = {9B6235F5-D0D6-4BB1-85A5-321CD5ADA3C9}
	EndGlobalSection
EndGlobal
